
Microsoft Visual Studio Solution File, Format Version 12.00
# Visual Studio 15
VisualStudioVersion = 15.0.28307.102
MinimumVisualStudioVersion = 10.0.40219.1
Project("{FAE04EC0-301F-11D3-BF4B-00C04F79EFBC}") = "App Killer", "App Killer\App Killer.csproj", "{3184FB4E-AB1C-47BF-B612-0D86B256946E}"
EndProject
Global
	GlobalSection(SolutionConfigurationPlatforms) = preSolution
		Debug|Any CPU = Debug|Any CPU
		Release|Any CPU = Release|Any CPU
	EndGlobalSection
	GlobalSection(ProjectConfigurationPlatforms) = postSolution
		{3184FB4E-AB1C-47BF-B612-0D86B256946E}.Debug|Any CPU.ActiveCfg = Debug|Any CPU
		{3184FB4E-AB1C-47BF-B612-0D86B256946E}.Debug|Any CPU.Build.0 = Debug|Any CPU
		{3184FB4E-AB1C-47BF-B612-0D86B256946E}.Release|Any CPU.ActiveCfg = Release|Any CPU
		{3184FB4E-AB1C-47BF-B612-0D86B256946E}.Release|Any CPU.Build.0 = Release|Any CPU
	EndGlobalSection
	GlobalSection(SolutionProperties) = preSolution
		HideSolutionNode = FALSE
	EndGlobalSection
	GlobalSection(ExtensibilityGlobals) = postSolution
		SolutionGuid = {69D3ABAD-8460-4951-957A-FB956749FB31}
	EndGlobalSection
EndGlobal
